// !$*UTF8*$!
{
	archiveVersion = 1;
	classes = {
	};
	objectVersion = 50;
	objects = {

/* Begin PBXBuildFile section */
		37849055052C2C0963A1D074 /* Pods_ZhiHuDayNewsTests.framework in Frameworks */ = {isa = PBXBuildFile; fileRef = 9E644AD978F9286BDBE9E720 /* Pods_ZhiHuDayNewsTests.framework */; };
		50BEE9B019D1DF151D9A1659 /* Pods_ZhiHuDayNews.framework in Frameworks */ = {isa = PBXBuildFile; fileRef = 458E35A58C8696E7CF568BCD /* Pods_ZhiHuDayNews.framework */; };
		B7418A402126A813000C97C2 /* AppDelegate.swift in Sources */ = {isa = PBXBuildFile; fileRef = B7418A3F2126A813000C97C2 /* AppDelegate.swift */; };
		B7418A422126A813000C97C2 /* HomeViewController.swift in Sources */ = {isa = PBXBuildFile; fileRef = B7418A412126A813000C97C2 /* HomeViewController.swift */; };
		B7418A452126A813000C97C2 /* Main.storyboard in Resources */ = {isa = PBXBuildFile; fileRef = B7418A432126A813000C97C2 /* Main.storyboard */; };
		B7418A472126A814000C97C2 /* Assets.xcassets in Resources */ = {isa = PBXBuildFile; fileRef = B7418A462126A814000C97C2 /* Assets.xcassets */; };
		B7418A4A2126A814000C97C2 /* LaunchScreen.storyboard in Resources */ = {isa = PBXBuildFile; fileRef = B7418A482126A814000C97C2 /* LaunchScreen.storyboard */; };
		B7418A552126A814000C97C2 /* ZhiHuDayNewsTests.swift in Sources */ = {isa = PBXBuildFile; fileRef = B7418A542126A814000C97C2 /* ZhiHuDayNewsTests.swift */; };
		B7418A602126A814000C97C2 /* ZhiHuDayNewsUITests.swift in Sources */ = {isa = PBXBuildFile; fileRef = B7418A5F2126A814000C97C2 /* ZhiHuDayNewsUITests.swift */; };
		B75536F3212AA3C0006D4F73 /* ToolExtension.swift in Sources */ = {isa = PBXBuildFile; fileRef = B75536F2212AA3C0006D4F73 /* ToolExtension.swift */; };
		B75536F5212AA6A8006D4F73 /* ApiManager.swift in Sources */ = {isa = PBXBuildFile; fileRef = B75536F4212AA6A8006D4F73 /* ApiManager.swift */; };
		B75536F7212ABAD3006D4F73 /* HomeModel.swift in Sources */ = {isa = PBXBuildFile; fileRef = B75536F6212ABAD3006D4F73 /* HomeModel.swift */; };
		B75536F9212AD375006D4F73 /* ThemeModel.swift in Sources */ = {isa = PBXBuildFile; fileRef = B75536F8212AD375006D4F73 /* ThemeModel.swift */; };
		B77A719D212EC3DC00A04F12 /* DetailWebView.swift in Sources */ = {isa = PBXBuildFile; fileRef = B77A719C212EC3DC00A04F12 /* DetailWebView.swift */; };
		B7837CBA212D07A2007B1887 /* CustomNav.swift in Sources */ = {isa = PBXBuildFile; fileRef = B7837CB9212D07A2007B1887 /* CustomNav.swift */; };
		B7837CBC212D07EA007B1887 /* RefreshView.swift in Sources */ = {isa = PBXBuildFile; fileRef = B7837CBB212D07EA007B1887 /* RefreshView.swift */; };
		B7837CBE212D34BD007B1887 /* HomeListTableViewCell.swift in Sources */ = {isa = PBXBuildFile; fileRef = B7837CBD212D34BD007B1887 /* HomeListTableViewCell.swift */; };
		F585A824CEE137720DF2F763 /* Pods_ZhiHuDayNewsUITests.framework in Frameworks */ = {isa = PBXBuildFile; fileRef = 0AFB7B8D28B1AE5056D091FC /* Pods_ZhiHuDayNewsUITests.framework */; };
/* End PBXBuildFile section */

/* Begin PBXContainerItemProxy section */
		B7418A512126A814000C97C2 /* PBXContainerItemProxy */ = {
			isa = PBXContainerItemProxy;
			containerPortal = B7418A342126A813000C97C2 /* Project object */;
			proxyType = 1;
			remoteGlobalIDString = B7418A3B2126A813000C97C2;
			remoteInfo = ZhiHuDayNews;
		};
		B7418A5C2126A814000C97C2 /* PBXContainerItemProxy */ = {
			isa = PBXContainerItemProxy;
			containerPortal = B7418A342126A813000C97C2 /* Project object */;
			proxyType = 1;
			remoteGlobalIDString = B7418A3B2126A813000C97C2;
			remoteInfo = ZhiHuDayNews;
		};
/* End PBXContainerItemProxy section */

/* Begin PBXFileReference section */
		0AFB7B8D28B1AE5056D091FC /* Pods_ZhiHuDayNewsUITests.framework */ = {isa = PBXFileReference; explicitFileType = wrapper.framework; includeInIndex = 0; path = Pods_ZhiHuDayNewsUITests.framework; sourceTree = BUILT_PRODUCTS_DIR; };
		458E35A58C8696E7CF568BCD /* Pods_ZhiHuDayNews.framework */ = {isa = PBXFileReference; explicitFileType = wrapper.framework; includeInIndex = 0; path = Pods_ZhiHuDayNews.framework; sourceTree = BUILT_PRODUCTS_DIR; };
		647CB9BA7AB220DD8796D352 /* Pods-ZhiHuDayNewsTests.debug.xcconfig */ = {isa = PBXFileReference; includeInIndex = 1; lastKnownFileType = text.xcconfig; name = "Pods-ZhiHuDayNewsTests.debug.xcconfig"; path = "Pods/Target Support Files/Pods-ZhiHuDayNewsTests/Pods-ZhiHuDayNewsTests.debug.xcconfig"; sourceTree = "<group>"; };
		7537BF2BF30B9768B88DB515 /* Pods-ZhiHuDayNewsTests.release.xcconfig */ = {isa = PBXFileReference; includeInIndex = 1; lastKnownFileType = text.xcconfig; name = "Pods-ZhiHuDayNewsTests.release.xcconfig"; path = "Pods/Target Support Files/Pods-ZhiHuDayNewsTests/Pods-ZhiHuDayNewsTests.release.xcconfig"; sourceTree = "<group>"; };
		849F42DA6BB85D9DE353B6B4 /* Pods-ZhiHuDayNewsUITests.release.xcconfig */ = {isa = PBXFileReference; includeInIndex = 1; lastKnownFileType = text.xcconfig; name = "Pods-ZhiHuDayNewsUITests.release.xcconfig"; path = "Pods/Target Support Files/Pods-ZhiHuDayNewsUITests/Pods-ZhiHuDayNewsUITests.release.xcconfig"; sourceTree = "<group>"; };
		9E644AD978F9286BDBE9E720 /* Pods_ZhiHuDayNewsTests.framework */ = {isa = PBXFileReference; explicitFileType = wrapper.framework; includeInIndex = 0; path = Pods_ZhiHuDayNewsTests.framework; sourceTree = BUILT_PRODUCTS_DIR; };
		9EFA6D8D2C8A3511C234E990 /* Pods-ZhiHuDayNews.release.xcconfig */ = {isa = PBXFileReference; includeInIndex = 1; lastKnownFileType = text.xcconfig; name = "Pods-ZhiHuDayNews.release.xcconfig"; path = "Pods/Target Support Files/Pods-ZhiHuDayNews/Pods-ZhiHuDayNews.release.xcconfig"; sourceTree = "<group>"; };
		B3FE87BAE92958FCD509A793 /* Pods-ZhiHuDayNewsUITests.debug.xcconfig */ = {isa = PBXFileReference; includeInIndex = 1; lastKnownFileType = text.xcconfig; name = "Pods-ZhiHuDayNewsUITests.debug.xcconfig"; path = "Pods/Target Support Files/Pods-ZhiHuDayNewsUITests/Pods-ZhiHuDayNewsUITests.debug.xcconfig"; sourceTree = "<group>"; };
		B7418A3C2126A813000C97C2 /* ZhiHuDayNews.app */ = {isa = PBXFileReference; explicitFileType = wrapper.application; includeInIndex = 0; path = ZhiHuDayNews.app; sourceTree = BUILT_PRODUCTS_DIR; };
		B7418A3F2126A813000C97C2 /* AppDelegate.swift */ = {isa = PBXFileReference; lastKnownFileType = sourcecode.swift; path = AppDelegate.swift; sourceTree = "<group>"; };
		B7418A412126A813000C97C2 /* HomeViewController.swift */ = {isa = PBXFileReference; lastKnownFileType = sourcecode.swift; path = HomeViewController.swift; sourceTree = "<group>"; };
		B7418A442126A813000C97C2 /* Base */ = {isa = PBXFileReference; lastKnownFileType = file.storyboard; name = Base; path = Base.lproj/Main.storyboard; sourceTree = "<group>"; };
		B7418A462126A814000C97C2 /* Assets.xcassets */ = {isa = PBXFileReference; lastKnownFileType = folder.assetcatalog; path = Assets.xcassets; sourceTree = "<group>"; };
		B7418A492126A814000C97C2 /* Base */ = {isa = PBXFileReference; lastKnownFileType = file.storyboard; name = Base; path = Base.lproj/LaunchScreen.storyboard; sourceTree = "<group>"; };
		B7418A4B2126A814000C97C2 /* Info.plist */ = {isa = PBXFileReference; lastKnownFileType = text.plist.xml; path = Info.plist; sourceTree = "<group>"; };
		B7418A502126A814000C97C2 /* ZhiHuDayNewsTests.xctest */ = {isa = PBXFileReference; explicitFileType = wrapper.cfbundle; includeInIndex = 0; path = ZhiHuDayNewsTests.xctest; sourceTree = BUILT_PRODUCTS_DIR; };
		B7418A542126A814000C97C2 /* ZhiHuDayNewsTests.swift */ = {isa = PBXFileReference; lastKnownFileType = sourcecode.swift; path = ZhiHuDayNewsTests.swift; sourceTree = "<group>"; };
		B7418A562126A814000C97C2 /* Info.plist */ = {isa = PBXFileReference; lastKnownFileType = text.plist.xml; path = Info.plist; sourceTree = "<group>"; };
		B7418A5B2126A814000C97C2 /* ZhiHuDayNewsUITests.xctest */ = {isa = PBXFileReference; explicitFileType = wrapper.cfbundle; includeInIndex = 0; path = ZhiHuDayNewsUITests.xctest; sourceTree = BUILT_PRODUCTS_DIR; };
		B7418A5F2126A814000C97C2 /* ZhiHuDayNewsUITests.swift */ = {isa = PBXFileReference; lastKnownFileType = sourcecode.swift; path = ZhiHuDayNewsUITests.swift; sourceTree = "<group>"; };
		B7418A612126A814000C97C2 /* Info.plist */ = {isa = PBXFileReference; lastKnownFileType = text.plist.xml; path = Info.plist; sourceTree = "<group>"; };
		B75536F2212AA3C0006D4F73 /* ToolExtension.swift */ = {isa = PBXFileReference; lastKnownFileType = sourcecode.swift; path = ToolExtension.swift; sourceTree = "<group>"; };
		B75536F4212AA6A8006D4F73 /* ApiManager.swift */ = {isa = PBXFileReference; lastKnownFileType = sourcecode.swift; path = ApiManager.swift; sourceTree = "<group>"; };
		B75536F6212ABAD3006D4F73 /* HomeModel.swift */ = {isa = PBXFileReference; lastKnownFileType = sourcecode.swift; path = HomeModel.swift; sourceTree = "<group>"; };
		B75536F8212AD375006D4F73 /* ThemeModel.swift */ = {isa = PBXFileReference; lastKnownFileType = sourcecode.swift; path = ThemeModel.swift; sourceTree = "<group>"; };
		B77A719C212EC3DC00A04F12 /* DetailWebView.swift */ = {isa = PBXFileReference; lastKnownFileType = sourcecode.swift; path = DetailWebView.swift; sourceTree = "<group>"; };
		B7837CB9212D07A2007B1887 /* CustomNav.swift */ = {isa = PBXFileReference; lastKnownFileType = sourcecode.swift; path = CustomNav.swift; sourceTree = "<group>"; };
		B7837CBB212D07EA007B1887 /* RefreshView.swift */ = {isa = PBXFileReference; lastKnownFileType = sourcecode.swift; path = RefreshView.swift; sourceTree = "<group>"; };
		B7837CBD212D34BD007B1887 /* HomeListTableViewCell.swift */ = {isa = PBXFileReference; lastKnownFileType = sourcecode.swift; path = HomeListTableViewCell.swift; sourceTree = "<group>"; };
		E52B1B289F1397C663B8F30A /* Pods-ZhiHuDayNews.debug.xcconfig */ = {isa = PBXFileReference; includeInIndex = 1; lastKnownFileType = text.xcconfig; name = "Pods-ZhiHuDayNews.debug.xcconfig"; path = "Pods/Target Support Files/Pods-ZhiHuDayNews/Pods-ZhiHuDayNews.debug.xcconfig"; sourceTree = "<group>"; };
/* End PBXFileReference section */

/* Begin PBXFrameworksBuildPhase section */
		B7418A392126A813000C97C2 /* Frameworks */ = {
			isa = PBXFrameworksBuildPhase;
			buildActionMask = 2147483647;
			files = (
				50BEE9B019D1DF151D9A1659 /* Pods_ZhiHuDayNews.framework in Frameworks */,
			);
			runOnlyForDeploymentPostprocessing = 0;
		};
		B7418A4D2126A814000C97C2 /* Frameworks */ = {
			isa = PBXFrameworksBuildPhase;
			buildActionMask = 2147483647;
			files = (
				37849055052C2C0963A1D074 /* Pods_ZhiHuDayNewsTests.framework in Frameworks */,
			);
			runOnlyForDeploymentPostprocessing = 0;
		};
		B7418A582126A814000C97C2 /* Frameworks */ = {
			isa = PBXFrameworksBuildPhase;
			buildActionMask = 2147483647;
			files = (
				F585A824CEE137720DF2F763 /* Pods_ZhiHuDayNewsUITests.framework in Frameworks */,
			);
			runOnlyForDeploymentPostprocessing = 0;
		};
/* End PBXFrameworksBuildPhase section */

/* Begin PBXGroup section */
		707E34AAC28B4DBADB98FB0B /* Frameworks */ = {
			isa = PBXGroup;
			children = (
				458E35A58C8696E7CF568BCD /* Pods_ZhiHuDayNews.framework */,
				9E644AD978F9286BDBE9E720 /* Pods_ZhiHuDayNewsTests.framework */,
				0AFB7B8D28B1AE5056D091FC /* Pods_ZhiHuDayNewsUITests.framework */,
			);
			name = Frameworks;
			sourceTree = "<group>";
		};
		7C61D732AB1A384D123ADAB0 /* Pods */ = {
			isa = PBXGroup;
			children = (
				E52B1B289F1397C663B8F30A /* Pods-ZhiHuDayNews.debug.xcconfig */,
				9EFA6D8D2C8A3511C234E990 /* Pods-ZhiHuDayNews.release.xcconfig */,
				647CB9BA7AB220DD8796D352 /* Pods-ZhiHuDayNewsTests.debug.xcconfig */,
				7537BF2BF30B9768B88DB515 /* Pods-ZhiHuDayNewsTests.release.xcconfig */,
				B3FE87BAE92958FCD509A793 /* Pods-ZhiHuDayNewsUITests.debug.xcconfig */,
				849F42DA6BB85D9DE353B6B4 /* Pods-ZhiHuDayNewsUITests.release.xcconfig */,
			);
			name = Pods;
			sourceTree = "<group>";
		};
		B7418A332126A813000C97C2 = {
			isa = PBXGroup;
			children = (
				B7418A3E2126A813000C97C2 /* ZhiHuDayNews */,
				B7418A532126A814000C97C2 /* ZhiHuDayNewsTests */,
				B7418A5E2126A814000C97C2 /* ZhiHuDayNewsUITests */,
				B7418A3D2126A813000C97C2 /* Products */,
				7C61D732AB1A384D123ADAB0 /* Pods */,
				707E34AAC28B4DBADB98FB0B /* Frameworks */,
			);
			sourceTree = "<group>";
		};
		B7418A3D2126A813000C97C2 /* Products */ = {
			isa = PBXGroup;
			children = (
				B7418A3C2126A813000C97C2 /* ZhiHuDayNews.app */,
				B7418A502126A814000C97C2 /* ZhiHuDayNewsTests.xctest */,
				B7418A5B2126A814000C97C2 /* ZhiHuDayNewsUITests.xctest */,
			);
			name = Products;
			sourceTree = "<group>";
		};
		B7418A3E2126A813000C97C2 /* ZhiHuDayNews */ = {
			isa = PBXGroup;
			children = (
				B7418A3F2126A813000C97C2 /* AppDelegate.swift */,
				B7418A6E2126A8A4000C97C2 /* Tool */,
				B7418A702126A8B1000C97C2 /* Controller */,
				B7418A6F2126A8AA000C97C2 /* Views */,
				B7418A6D2126A896000C97C2 /* Model */,
				B7418A432126A813000C97C2 /* Main.storyboard */,
				B7418A462126A814000C97C2 /* Assets.xcassets */,
				B7418A482126A814000C97C2 /* LaunchScreen.storyboard */,
				B7418A4B2126A814000C97C2 /* Info.plist */,
			);
			path = ZhiHuDayNews;
			sourceTree = "<group>";
		};
		B7418A532126A814000C97C2 /* ZhiHuDayNewsTests */ = {
			isa = PBXGroup;
			children = (
				B7418A542126A814000C97C2 /* ZhiHuDayNewsTests.swift */,
				B7418A562126A814000C97C2 /* Info.plist */,
			);
			path = ZhiHuDayNewsTests;
			sourceTree = "<group>";
		};
		B7418A5E2126A814000C97C2 /* ZhiHuDayNewsUITests */ = {
			isa = PBXGroup;
			children = (
				B7418A5F2126A814000C97C2 /* ZhiHuDayNewsUITests.swift */,
				B7418A612126A814000C97C2 /* Info.plist */,
			);
			path = ZhiHuDayNewsUITests;
			sourceTree = "<group>";
		};
		B7418A6D2126A896000C97C2 /* Model */ = {
			isa = PBXGroup;
			children = (
				B75536F6212ABAD3006D4F73 /* HomeModel.swift */,
				B75536F8212AD375006D4F73 /* ThemeModel.swift */,
			);
			path = Model;
			sourceTree = "<group>";
		};
		B7418A6E2126A8A4000C97C2 /* Tool */ = {
			isa = PBXGroup;
			children = (
				B75536F2212AA3C0006D4F73 /* ToolExtension.swift */,
				B75536F4212AA6A8006D4F73 /* ApiManager.swift */,
			);
			path = Tool;
			sourceTree = "<group>";
		};
		B7418A6F2126A8AA000C97C2 /* Views */ = {
			isa = PBXGroup;
			children = (
				B7837CBF212D4053007B1887 /* cell */,
				B7837CB9212D07A2007B1887 /* CustomNav.swift */,
				B7837CBB212D07EA007B1887 /* RefreshView.swift */,
				B77A719C212EC3DC00A04F12 /* DetailWebView.swift */,
			);
			path = Views;
			sourceTree = "<group>";
		};
		B7418A702126A8B1000C97C2 /* Controller */ = {
			isa = PBXGroup;
			children = (
				B7418A412126A813000C97C2 /* HomeViewController.swift */,
			);
			path = Controller;
			sourceTree = "<group>";
		};
		B7837CBF212D4053007B1887 /* cell */ = {
			isa = PBXGroup;
			children = (
				B7837CBD212D34BD007B1887 /* HomeListTableViewCell.swift */,
			);
			path = cell;
			sourceTree = "<group>";
		};
/* End PBXGroup section */

/* Begin PBXNativeTarget section */
		B7418A3B2126A813000C97C2 /* ZhiHuDayNews */ = {
			isa = PBXNativeTarget;
			buildConfigurationList = B7418A642126A814000C97C2 /* Build configuration list for PBXNativeTarget "ZhiHuDayNews" */;
			buildPhases = (
				DD431B4F31B1AF878B4EFC11 /* [CP] Check Pods Manifest.lock */,
				B7418A382126A813000C97C2 /* Sources */,
				B7418A392126A813000C97C2 /* Frameworks */,
				B7418A3A2126A813000C97C2 /* Resources */,
				2D600458EC4EC33186FB8268 /* [CP] Embed Pods Frameworks */,
			);
			buildRules = (
			);
			dependencies = (
			);
			name = ZhiHuDayNews;
			productName = ZhiHuDayNews;
			productReference = B7418A3C2126A813000C97C2 /* ZhiHuDayNews.app */;
			productType = "com.apple.product-type.application";
		};
		B7418A4F2126A814000C97C2 /* ZhiHuDayNewsTests */ = {
			isa = PBXNativeTarget;
			buildConfigurationList = B7418A672126A814000C97C2 /* Build configuration list for PBXNativeTarget "ZhiHuDayNewsTests" */;
			buildPhases = (
				72949048D8FF2DFE2D358047 /* [CP] Check Pods Manifest.lock */,
				B7418A4C2126A814000C97C2 /* Sources */,
				B7418A4D2126A814000C97C2 /* Frameworks */,
				B7418A4E2126A814000C97C2 /* Resources */,
			);
			buildRules = (
			);
			dependencies = (
				B7418A522126A814000C97C2 /* PBXTargetDependency */,
			);
			name = ZhiHuDayNewsTests;
			productName = ZhiHuDayNewsTests;
			productReference = B7418A502126A814000C97C2 /* ZhiHuDayNewsTests.xctest */;
			productType = "com.apple.product-type.bundle.unit-test";
		};
		B7418A5A2126A814000C97C2 /* ZhiHuDayNewsUITests */ = {
			isa = PBXNativeTarget;
			buildConfigurationList = B7418A6A2126A814000C97C2 /* Build configuration list for PBXNativeTarget "ZhiHuDayNewsUITests" */;
			buildPhases = (
				C8F2A0EC53753292EB023175 /* [CP] Check Pods Manifest.lock */,
				B7418A572126A814000C97C2 /* Sources */,
				B7418A582126A814000C97C2 /* Frameworks */,
				B7418A592126A814000C97C2 /* Resources */,
			);
			buildRules = (
			);
			dependencies = (
				B7418A5D2126A814000C97C2 /* PBXTargetDependency */,
			);
			name = ZhiHuDayNewsUITests;
			productName = ZhiHuDayNewsUITests;
			productReference = B7418A5B2126A814000C97C2 /* ZhiHuDayNewsUITests.xctest */;
			productType = "com.apple.product-type.bundle.ui-testing";
		};
/* End PBXNativeTarget section */

/* Begin PBXProject section */
		B7418A342126A813000C97C2 /* Project object */ = {
			isa = PBXProject;
			attributes = {
				LastSwiftUpdateCheck = 0930;
				LastUpgradeCheck = 0930;
				ORGANIZATIONNAME = muheda;
				TargetAttributes = {
					B7418A3B2126A813000C97C2 = {
						CreatedOnToolsVersion = 9.3;
					};
					B7418A4F2126A814000C97C2 = {
						CreatedOnToolsVersion = 9.3;
						TestTargetID = B7418A3B2126A813000C97C2;
					};
					B7418A5A2126A814000C97C2 = {
						CreatedOnToolsVersion = 9.3;
						TestTargetID = B7418A3B2126A813000C97C2;
					};
				};
			};
			buildConfigurationList = B7418A372126A813000C97C2 /* Build configuration list for PBXProject "ZhiHuDayNews" */;
			compatibilityVersion = "Xcode 9.3";
			developmentRegion = en;
			hasScannedForEncodings = 0;
			knownRegions = (
				en,
				Base,
			);
			mainGroup = B7418A332126A813000C97C2;
			productRefGroup = B7418A3D2126A813000C97C2 /* Products */;
			projectDirPath = "";
			projectRoot = "";
			targets = (
				B7418A3B2126A813000C97C2 /* ZhiHuDayNews */,
				B7418A4F2126A814000C97C2 /* ZhiHuDayNewsTests */,
				B7418A5A2126A814000C97C2 /* ZhiHuDayNewsUITests */,
			);
		};
/* End PBXProject section */

/* Begin PBXResourcesBuildPhase section */
		B7418A3A2126A813000C97C2 /* Resources */ = {
			isa = PBXResourcesBuildPhase;
			buildActionMask = 2147483647;
			files = (
				B7418A4A2126A814000C97C2 /* LaunchScreen.storyboard in Resources */,
				B7418A472126A814000C97C2 /* Assets.xcassets in Resources */,
				B7418A452126A813000C97C2 /* Main.storyboard in Resources */,
			);
			runOnlyForDeploymentPostprocessing = 0;
		};
		B7418A4E2126A814000C97C2 /* Resources */ = {
			isa = PBXResourcesBuildPhase;
			buildActionMask = 2147483647;
			files = (
			);
			runOnlyForDeploymentPostprocessing = 0;
		};
		B7418A592126A814000C97C2 /* Resources */ = {
			isa = PBXResourcesBuildPhase;
			buildActionMask = 2147483647;
			files = (
			);
			runOnlyForDeploymentPostprocessing = 0;
		};
/* End PBXResourcesBuildPhase section */

/* Begin PBXShellScriptBuildPhase section */
		2D600458EC4EC33186FB8268 /* [CP] Embed Pods Frameworks */ = {
			isa = PBXShellScriptBuildPhase;
			buildActionMask = 2147483647;
			files = (
			);
			inputPaths = (
				"${SRCROOT}/Pods/Target Support Files/Pods-ZhiHuDayNews/Pods-ZhiHuDayNews-frameworks.sh",
				"${BUILT_PRODUCTS_DIR}/Alamofire/Alamofire.framework",
				"${BUILT_PRODUCTS_DIR}/Differentiator/Differentiator.framework",
				"${BUILT_PRODUCTS_DIR}/HandyJSON/HandyJSON.framework",
				"${BUILT_PRODUCTS_DIR}/Kingfisher/Kingfisher.framework",
				"${BUILT_PRODUCTS_DIR}/Moya/Moya.framework",
				"${BUILT_PRODUCTS_DIR}/Result/Result.framework",
				"${BUILT_PRODUCTS_DIR}/RxCocoa/RxCocoa.framework",
				"${BUILT_PRODUCTS_DIR}/RxDataSources/RxDataSources.framework",
				"${BUILT_PRODUCTS_DIR}/RxSwift/RxSwift.framework",
				"${BUILT_PRODUCTS_DIR}/SVProgressHUD/SVProgressHUD.framework",
				"${BUILT_PRODUCTS_DIR}/SnapKit/SnapKit.framework",
				"${BUILT_PRODUCTS_DIR}/SwiftDate/SwiftDate.framework",
				"${BUILT_PRODUCTS_DIR}/Then/Then.framework",
				"${BUILT_PRODUCTS_DIR}/ZCycleView/ZCycleView.framework",
			);
			name = "[CP] Embed Pods Frameworks";
			outputPaths = (
				"${TARGET_BUILD_DIR}/${FRAMEWORKS_FOLDER_PATH}/Alamofire.framework",
				"${TARGET_BUILD_DIR}/${FRAMEWORKS_FOLDER_PATH}/Differentiator.framework",
				"${TARGET_BUILD_DIR}/${FRAMEWORKS_FOLDER_PATH}/HandyJSON.framework",
				"${TARGET_BUILD_DIR}/${FRAMEWORKS_FOLDER_PATH}/Kingfisher.framework",
				"${TARGET_BUILD_DIR}/${FRAMEWORKS_FOLDER_PATH}/Moya.framework",
				"${TARGET_BUILD_DIR}/${FRAMEWORKS_FOLDER_PATH}/Result.framework",
				"${TARGET_BUILD_DIR}/${FRAMEWORKS_FOLDER_PATH}/RxCocoa.framework",
				"${TARGET_BUILD_DIR}/${FRAMEWORKS_FOLDER_PATH}/RxDataSources.framework",
				"${TARGET_BUILD_DIR}/${FRAMEWORKS_FOLDER_PATH}/RxSwift.framework",
				"${TARGET_BUILD_DIR}/${FRAMEWORKS_FOLDER_PATH}/SVProgressHUD.framework",
				"${TARGET_BUILD_DIR}/${FRAMEWORKS_FOLDER_PATH}/SnapKit.framework",
				"${TARGET_BUILD_DIR}/${FRAMEWORKS_FOLDER_PATH}/SwiftDate.framework",
				"${TARGET_BUILD_DIR}/${FRAMEWORKS_FOLDER_PATH}/Then.framework",
				"${TARGET_BUILD_DIR}/${FRAMEWORKS_FOLDER_PATH}/ZCycleView.framework",
			);
			runOnlyForDeploymentPostprocessing = 0;
			shellPath = /bin/sh;
			shellScript = "\"${SRCROOT}/Pods/Target Support Files/Pods-ZhiHuDayNews/Pods-ZhiHuDayNews-frameworks.sh\"\n";
			showEnvVarsInLog = 0;
		};
		72949048D8FF2DFE2D358047 /* [CP] Check Pods Manifest.lock */ = {
			isa = PBXShellScriptBuildPhase;
			buildActionMask = 2147483647;
			files = (
			);
			inputPaths = (
				"${PODS_PODFILE_DIR_PATH}/Podfile.lock",
				"${PODS_ROOT}/Manifest.lock",
			);
			name = "[CP] Check Pods Manifest.lock";
			outputPaths = (
				"$(DERIVED_FILE_DIR)/Pods-ZhiHuDayNewsTests-checkManifestLockResult.txt",
			);
			runOnlyForDeploymentPostprocessing = 0;
			shellPath = /bin/sh;
			shellScript = "diff \"${PODS_PODFILE_DIR_PATH}/Podfile.lock\" \"${PODS_ROOT}/Manifest.lock\" > /dev/null\nif [ $? != 0 ] ; then\n    # print error to STDERR\n    echo \"error: The sandbox is not in sync with the Podfile.lock. Run 'pod install' or update your CocoaPods installation.\" >&2\n    exit 1\nfi\n# This output is used by Xcode 'outputs' to avoid re-running this script phase.\necho \"SUCCESS\" > \"${SCRIPT_OUTPUT_FILE_0}\"\n";
			showEnvVarsInLog = 0;
		};
		C8F2A0EC53753292EB023175 /* [CP] Check Pods Manifest.lock */ = {
			isa = PBXShellScriptBuildPhase;
			buildActionMask = 2147483647;
			files = (
			);
			inputPaths = (
				"${PODS_PODFILE_DIR_PATH}/Podfile.lock",
				"${PODS_ROOT}/Manifest.lock",
			);
			name = "[CP] Check Pods Manifest.lock";
			outputPaths = (
				"$(DERIVED_FILE_DIR)/Pods-ZhiHuDayNewsUITests-checkManifestLockResult.txt",
			);
			runOnlyForDeploymentPostprocessing = 0;
			shellPath = /bin/sh;
			shellScript = "diff \"${PODS_PODFILE_DIR_PATH}/Podfile.lock\" \"${PODS_ROOT}/Manifest.lock\" > /dev/null\nif [ $? != 0 ] ; then\n    # print error to STDERR\n    echo \"error: The sandbox is not in sync with the Podfile.lock. Run 'pod install' or update your CocoaPods installation.\" >&2\n    exit 1\nfi\n# This output is used by Xcode 'outputs' to avoid re-running this script phase.\necho \"SUCCESS\" > \"${SCRIPT_OUTPUT_FILE_0}\"\n";
			showEnvVarsInLog = 0;
		};
		DD431B4F31B1AF878B4EFC11 /* [CP] Check Pods Manifest.lock */ = {
			isa = PBXShellScriptBuildPhase;
			buildActionMask = 2147483647;
			files = (
			);
			inputPaths = (
				"${PODS_PODFILE_DIR_PATH}/Podfile.lock",
				"${PODS_ROOT}/Manifest.lock",
			);
			name = "[CP] Check Pods Manifest.lock";
			outputPaths = (
				"$(DERIVED_FILE_DIR)/Pods-ZhiHuDayNews-checkManifestLockResult.txt",
			);
			runOnlyForDeploymentPostprocessing = 0;
			shellPath = /bin/sh;
			shellScript = "diff \"${PODS_PODFILE_DIR_PATH}/Podfile.lock\" \"${PODS_ROOT}/Manifest.lock\" > /dev/null\nif [ $? != 0 ] ; then\n    # print error to STDERR\n    echo \"error: The sandbox is not in sync with the Podfile.lock. Run 'pod install' or update your CocoaPods installation.\" >&2\n    exit 1\nfi\n# This output is used by Xcode 'outputs' to avoid re-running this script phase.\necho \"SUCCESS\" > \"${SCRIPT_OUTPUT_FILE_0}\"\n";
			showEnvVarsInLog = 0;
		};
/* End PBXShellScriptBuildPhase section */

/* Begin PBXSourcesBuildPhase section */
		B7418A382126A813000C97C2 /* Sources */ = {
			isa = PBXSourcesBuildPhase;
			buildActionMask = 2147483647;
			files = (
				B77A719D212EC3DC00A04F12 /* DetailWebView.swift in Sources */,
				B75536F5212AA6A8006D4F73 /* ApiManager.swift in Sources */,
				B75536F3212AA3C0006D4F73 /* ToolExtension.swift in Sources */,
				B7418A422126A813000C97C2 /* HomeViewController.swift in Sources */,
				B7837CBA212D07A2007B1887 /* CustomNav.swift in Sources */,
				B7837CBE212D34BD007B1887 /* HomeListTableViewCell.swift in Sources */,
				B7837CBC212D07EA007B1887 /* RefreshView.swift in Sources */,
				B75536F9212AD375006D4F73 /* ThemeModel.swift in Sources */,
				B75536F7212ABAD3006D4F73 /* HomeModel.swift in Sources */,
				B7418A402126A813000C97C2 /* AppDelegate.swift in Sources */,
			);
			runOnlyForDeploymentPostprocessing = 0;
		};
		B7418A4C2126A814000C97C2 /* Sources */ = {
			isa = PBXSourcesBuildPhase;
			buildActionMask = 2147483647;
			files = (
				B7418A552126A814000C97C2 /* ZhiHuDayNewsTests.swift in Sources */,
			);
			runOnlyForDeploymentPostprocessing = 0;
		};
		B7418A572126A814000C97C2 /* Sources */ = {
			isa = PBXSourcesBuildPhase;
			buildActionMask = 2147483647;
			files = (
				B7418A602126A814000C97C2 /* ZhiHuDayNewsUITests.swift in Sources */,
			);
			runOnlyForDeploymentPostprocessing = 0;
		};
/* End PBXSourcesBuildPhase section */

/* Begin PBXTargetDependency section */
		B7418A522126A814000C97C2 /* PBXTargetDependency */ = {
			isa = PBXTargetDependency;
			target = B7418A3B2126A813000C97C2 /* ZhiHuDayNews */;
			targetProxy = B7418A512126A814000C97C2 /* PBXContainerItemProxy */;
		};
		B7418A5D2126A814000C97C2 /* PBXTargetDependency */ = {
			isa = PBXTargetDependency;
			target = B7418A3B2126A813000C97C2 /* ZhiHuDayNews */;
			targetProxy = B7418A5C2126A814000C97C2 /* PBXContainerItemProxy */;
		};
/* End PBXTargetDependency section */

/* Begin PBXVariantGroup section */
		B7418A432126A813000C97C2 /* Main.storyboard */ = {
			isa = PBXVariantGroup;
			children = (
				B7418A442126A813000C97C2 /* Base */,
			);
			name = Main.storyboard;
			sourceTree = "<group>";
		};
		B7418A482126A814000C97C2 /* LaunchScreen.storyboard */ = {
			isa = PBXVariantGroup;
			children = (
				B7418A492126A814000C97C2 /* Base */,
			);
			name = LaunchScreen.storyboard;
			sourceTree = "<group>";
		};
/* End PBXVariantGroup section */

/* Begin XCBuildConfiguration section */
		B7418A622126A814000C97C2 /* Debug */ = {
			isa = XCBuildConfiguration;
			buildSettings = {
				ALWAYS_SEARCH_USER_PATHS = NO;
				CLANG_ANALYZER_NONNULL = YES;
				CLANG_ANALYZER_NUMBER_OBJECT_CONVERSION = YES_AGGRESSIVE;
				CLANG_CXX_LANGUAGE_STANDARD = "gnu++14";
				CLANG_CXX_LIBRARY = "libc++";
				CLANG_ENABLE_MODULES = YES;
				CLANG_ENABLE_OBJC_ARC = YES;
				CLANG_ENABLE_OBJC_WEAK = YES;
				CLANG_WARN_BLOCK_CAPTURE_AUTORELEASING = YES;
				CLANG_WARN_BOOL_CONVERSION = YES;
				CLANG_WARN_COMMA = YES;
				CLANG_WARN_CONSTANT_CONVERSION = YES;
				CLANG_WARN_DEPRECATED_OBJC_IMPLEMENTATIONS = YES;
				CLANG_WARN_DIRECT_OBJC_ISA_USAGE = YES_ERROR;
				CLANG_WARN_DOCUMENTATION_COMMENTS = YES;
				CLANG_WARN_EMPTY_BODY = YES;
				CLANG_WARN_ENUM_CONVERSION = YES;
				CLANG_WARN_INFINITE_RECURSION = YES;
				CLANG_WARN_INT_CONVERSION = YES;
				CLANG_WARN_NON_LITERAL_NULL_CONVERSION = YES;
				CLANG_WARN_OBJC_IMPLICIT_RETAIN_SELF = YES;
				CLANG_WARN_OBJC_LITERAL_CONVERSION = YES;
				CLANG_WARN_OBJC_ROOT_CLASS = YES_ERROR;
				CLANG_WARN_RANGE_LOOP_ANALYSIS = YES;
				CLANG_WARN_STRICT_PROTOTYPES = YES;
				CLANG_WARN_SUSPICIOUS_MOVE = YES;
				CLANG_WARN_UNGUARDED_AVAILABILITY = YES_AGGRESSIVE;
				CLANG_WARN_UNREACHABLE_CODE = YES;
				CLANG_WARN__DUPLICATE_METHOD_MATCH = YES;
				CODE_SIGN_IDENTITY = "iPhone Developer";
				COPY_PHASE_STRIP = NO;
				DEBUG_INFORMATION_FORMAT = dwarf;
				ENABLE_STRICT_OBJC_MSGSEND = YES;
				ENABLE_TESTABILITY = YES;
				GCC_C_LANGUAGE_STANDARD = gnu11;
				GCC_DYNAMIC_NO_PIC = NO;
				GCC_NO_COMMON_BLOCKS = YES;
				GCC_OPTIMIZATION_LEVEL = 0;
				GCC_PREPROCESSOR_DEFINITIONS = (
					"DEBUG=1",
					"$(inherited)",
				);
				GCC_WARN_64_TO_32_BIT_CONVERSION = YES;
				GCC_WARN_ABOUT_RETURN_TYPE = YES_ERROR;
				GCC_WARN_UNDECLARED_SELECTOR = YES;
				GCC_WARN_UNINITIALIZED_AUTOS = YES_AGGRESSIVE;
				GCC_WARN_UNUSED_FUNCTION = YES;
				GCC_WARN_UNUSED_VARIABLE = YES;
				IPHONEOS_DEPLOYMENT_TARGET = 11.3;
				MTL_ENABLE_DEBUG_INFO = YES;
				ONLY_ACTIVE_ARCH = YES;
				SDKROOT = iphoneos;
				SWIFT_ACTIVE_COMPILATION_CONDITIONS = DEBUG;
				SWIFT_OPTIMIZATION_LEVEL = "-Onone";
			};
			name = Debug;
		};
		B7418A632126A814000C97C2 /* Release */ = {
			isa = XCBuildConfiguration;
			buildSettings = {
				ALWAYS_SEARCH_USER_PATHS = NO;
				CLANG_ANALYZER_NONNULL = YES;
				CLANG_ANALYZER_NUMBER_OBJECT_CONVERSION = YES_AGGRESSIVE;
				CLANG_CXX_LANGUAGE_STANDARD = "gnu++14";
				CLANG_CXX_LIBRARY = "libc++";
				CLANG_ENABLE_MODULES = YES;
				CLANG_ENABLE_OBJC_ARC = YES;
				CLANG_ENABLE_OBJC_WEAK = YES;
				CLANG_WARN_BLOCK_CAPTURE_AUTORELEASING = YES;
				CLANG_WARN_BOOL_CONVERSION = YES;
				CLANG_WARN_COMMA = YES;
				CLANG_WARN_CONSTANT_CONVERSION = YES;
				CLANG_WARN_DEPRECATED_OBJC_IMPLEMENTATIONS = YES;
				CLANG_WARN_DIRECT_OBJC_ISA_USAGE = YES_ERROR;
				CLANG_WARN_DOCUMENTATION_COMMENTS = YES;
				CLANG_WARN_EMPTY_BODY = YES;
				CLANG_WARN_ENUM_CONVERSION = YES;
				CLANG_WARN_INFINITE_RECURSION = YES;
				CLANG_WARN_INT_CONVERSION = YES;
				CLANG_WARN_NON_LITERAL_NULL_CONVERSION = YES;
				CLANG_WARN_OBJC_IMPLICIT_RETAIN_SELF = YES;
				CLANG_WARN_OBJC_LITERAL_CONVERSION = YES;
				CLANG_WARN_OBJC_ROOT_CLASS = YES_ERROR;
				CLANG_WARN_RANGE_LOOP_ANALYSIS = YES;
				CLANG_WARN_STRICT_PROTOTYPES = YES;
				CLANG_WARN_SUSPICIOUS_MOVE = YES;
				CLANG_WARN_UNGUARDED_AVAILABILITY = YES_AGGRESSIVE;
				CLANG_WARN_UNREACHABLE_CODE = YES;
				CLANG_WARN__DUPLICATE_METHOD_MATCH = YES;
				CODE_SIGN_IDENTITY = "iPhone Developer";
				COPY_PHASE_STRIP = NO;
				DEBUG_INFORMATION_FORMAT = "dwarf-with-dsym";
				ENABLE_NS_ASSERTIONS = NO;
				ENABLE_STRICT_OBJC_MSGSEND = YES;
				GCC_C_LANGUAGE_STANDARD = gnu11;
				GCC_NO_COMMON_BLOCKS = YES;
				GCC_WARN_64_TO_32_BIT_CONVERSION = YES;
				GCC_WARN_ABOUT_RETURN_TYPE = YES_ERROR;
				GCC_WARN_UNDECLARED_SELECTOR = YES;
				GCC_WARN_UNINITIALIZED_AUTOS = YES_AGGRESSIVE;
				GCC_WARN_UNUSED_FUNCTION = YES;
				GCC_WARN_UNUSED_VARIABLE = YES;
				IPHONEOS_DEPLOYMENT_TARGET = 11.3;
				MTL_ENABLE_DEBUG_INFO = NO;
				SDKROOT = iphoneos;
				SWIFT_COMPILATION_MODE = wholemodule;
				SWIFT_OPTIMIZATION_LEVEL = "-O";
				VALIDATE_PRODUCT = YES;
			};
			name = Release;
		};
		B7418A652126A814000C97C2 /* Debug */ = {
			isa = XCBuildConfiguration;
			baseConfigurationReference = E52B1B289F1397C663B8F30A /* Pods-ZhiHuDayNews.debug.xcconfig */;
			buildSettings = {
				ASSETCATALOG_COMPILER_APPICON_NAME = AppIcon;
				CODE_SIGN_STYLE = Automatic;
				DEVELOPMENT_TEAM = KNF25R344F;
				INFOPLIST_FILE = ZhiHuDayNews/Info.plist;
				IPHONEOS_DEPLOYMENT_TARGET = 8.0;
				LD_RUNPATH_SEARCH_PATHS = (
					"$(inherited)",
					"@executable_path/Frameworks",
				);
				PRODUCT_BUNDLE_IDENTIFIER = muheda.ZhiHuDayNews;
				PRODUCT_NAME = "$(TARGET_NAME)";
				SWIFT_VERSION = 4.0;
				TARGETED_DEVICE_FAMILY = "1,2";
			};
			name = Debug;
		};
		B7418A662126A814000C97C2 /* Release */ = {
			isa = XCBuildConfiguration;
			baseConfigurationReference = 9EFA6D8D2C8A3511C234E990 /* Pods-ZhiHuDayNews.release.xcconfig */;
			buildSettings = {
				ASSETCATALOG_COMPILER_APPICON_NAME = AppIcon;
				CODE_SIGN_STYLE = Automatic;
				DEVELOPMENT_TEAM = KNF25R344F;
				INFOPLIST_FILE = ZhiHuDayNews/Info.plist;
				IPHONEOS_DEPLOYMENT_TARGET = 8.0;
				LD_RUNPATH_SEARCH_PATHS = (
					"$(inherited)",
					"@executable_path/Frameworks",
				);
				PRODUCT_BUNDLE_IDENTIFIER = muheda.ZhiHuDayNews;
				PRODUCT_NAME = "$(TARGET_NAME)";
				SWIFT_VERSION = 4.0;
				TARGETED_DEVICE_FAMILY = "1,2";
			};
			name = Release;
		};
		B7418A682126A814000C97C2 /* Debug */ = {
			isa = XCBuildConfiguration;
			baseConfigurationReference = 647CB9BA7AB220DD8796D352 /* Pods-ZhiHuDayNewsTests.debug.xcconfig */;
			buildSettings = {
				ALWAYS_EMBED_SWIFT_STANDARD_LIBRARIES = YES;
				BUNDLE_LOADER = "$(TEST_HOST)";
				CODE_SIGN_STYLE = Automatic;
				INFOPLIST_FILE = ZhiHuDayNewsTests/Info.plist;
				LD_RUNPATH_SEARCH_PATHS = (
					"$(inherited)",
					"@executable_path/Frameworks",
					"@loader_path/Frameworks",
				);
				PRODUCT_BUNDLE_IDENTIFIER = muheda.ZhiHuDayNewsTests;
				PRODUCT_NAME = "$(TARGET_NAME)";
				SWIFT_VERSION = 4.0;
				TARGETED_DEVICE_FAMILY = "1,2";
				TEST_HOST = "$(BUILT_PRODUCTS_DIR)/ZhiHuDayNews.app/ZhiHuDayNews";
			};
			name = Debug;
		};
		B7418A692126A814000C97C2 /* Release */ = {
			isa = XCBuildConfiguration;
			baseConfigurationReference = 7537BF2BF30B9768B88DB515 /* Pods-ZhiHuDayNewsTests.release.xcconfig */;
			buildSettings = {
				ALWAYS_EMBED_SWIFT_STANDARD_LIBRARIES = YES;
				BUNDLE_LOADER = "$(TEST_HOST)";
				CODE_SIGN_STYLE = Automatic;
				INFOPLIST_FILE = ZhiHuDayNewsTests/Info.plist;
				LD_RUNPATH_SEARCH_PATHS = (
					"$(inherited)",
					"@executable_path/Frameworks",
					"@loader_path/Frameworks",
				);
				PRODUCT_BUNDLE_IDENTIFIER = muheda.ZhiHuDayNewsTests;
				PRODUCT_NAME = "$(TARGET_NAME)";
				SWIFT_VERSION = 4.0;
				TARGETED_DEVICE_FAMILY = "1,2";
				TEST_HOST = "$(BUILT_PRODUCTS_DIR)/ZhiHuDayNews.app/ZhiHuDayNews";
			};
			name = Release;
		};
		B7418A6B2126A814000C97C2 /* Debug */ = {
			isa = XCBuildConfiguration;
			baseConfigurationReference = B3FE87BAE92958FCD509A793 /* Pods-ZhiHuDayNewsUITests.debug.xcconfig */;
			buildSettings = {
				ALWAYS_EMBED_SWIFT_STANDARD_LIBRARIES = YES;
				CODE_SIGN_STYLE = Automatic;
				INFOPLIST_FILE = ZhiHuDayNewsUITests/Info.plist;
				LD_RUNPATH_SEARCH_PATHS = (
					"$(inherited)",
					"@executable_path/Frameworks",
					"@loader_path/Frameworks",
				);
				PRODUCT_BUNDLE_IDENTIFIER = muheda.ZhiHuDayNewsUITests;
				PRODUCT_NAME = "$(TARGET_NAME)";
				SWIFT_VERSION = 4.0;
				TARGETED_DEVICE_FAMILY = "1,2";
				TEST_TARGET_NAME = ZhiHuDayNews;
			};
			name = Debug;
		};
		B7418A6C2126A814000C97C2 /* Release */ = {
			isa = XCBuildConfiguration;
			baseConfigurationReference = 849F42DA6BB85D9DE353B6B4 /* Pods-ZhiHuDayNewsUITests.release.xcconfig */;
			buildSettings = {
				ALWAYS_EMBED_SWIFT_STANDARD_LIBRARIES = YES;
				CODE_SIGN_STYLE = Automatic;
				INFOPLIST_FILE = ZhiHuDayNewsUITests/Info.plist;
				LD_RUNPATH_SEARCH_PATHS = (
					"$(inherited)",
					"@executable_path/Frameworks",
					"@loader_path/Frameworks",
				);
				PRODUCT_BUNDLE_IDENTIFIER = muheda.ZhiHuDayNewsUITests;
				PRODUCT_NAME = "$(TARGET_NAME)";
				SWIFT_VERSION = 4.0;
				TARGETED_DEVICE_FAMILY = "1,2";
				TEST_TARGET_NAME = ZhiHuDayNews;
			};
			name = Release;
		};
/* End XCBuildConfiguration section */

/* Begin XCConfigurationList section */
		B7418A372126A813000C97C2 /* Build configuration list for PBXProject "ZhiHuDayNews" */ = {
			isa = XCConfigurationList;
			buildConfigurations = (
				B7418A622126A814000C97C2 /* Debug */,
				B7418A632126A814000C97C2 /* Release */,
			);
			defaultConfigurationIsVisible = 0;
			defaultConfigurationName = Release;
		};
		B7418A642126A814000C97C2 /* Build configuration list for PBXNativeTarget "ZhiHuDayNews" */ = {
			isa = XCConfigurationList;
			buildConfigurations = (
				B7418A652126A814000C97C2 /* Debug */,
				B7418A662126A814000C97C2 /* Release */,
			);
			defaultConfigurationIsVisible = 0;
			defaultConfigurationName = Release;
		};
		B7418A672126A814000C97C2 /* Build configuration list for PBXNativeTarget "ZhiHuDayNewsTests" */ = {
			isa = XCConfigurationList;
			buildConfigurations = (
				B7418A682126A814000C97C2 /* Debug */,
				B7418A692126A814000C97C2 /* Release */,
			);
			defaultConfigurationIsVisible = 0;
			defaultConfigurationName = Release;
		};
		B7418A6A2126A814000C97C2 /* Build configuration list for PBXNativeTarget "ZhiHuDayNewsUITests" */ = {
			isa = XCConfigurationList;
			buildConfigurations = (
				B7418A6B2126A814000C97C2 /* Debug */,
				B7418A6C2126A814000C97C2 /* Release */,
			);
			defaultConfigurationIsVisible = 0;
			defaultConfigurationName = Release;
		};
/* End XCConfigurationList section */
	};
	rootObject = B7418A342126A813000C97C2 /* Project object */;
}
